
Microsoft Visual Studio Solution File, Format Version 12.00
# Visual Studio Version 17
VisualStudioVersion = 17.3.32922.545
MinimumVisualStudioVersion = 10.0.40219.1
Project("{FAE04EC0-301F-11D3-BF4B-00C04F79EFBC}") = "Ejercicio1_3PMO2.Android", "Ejercicio1_3PMO2\Ejercicio1_3PMO2.Android\Ejercicio1_3PMO2.Android.csproj", "{6519CEE6-9853-4D8C-B575-418C9AA110A4}"
EndProject
Project("{FAE04EC0-301F-11D3-BF4B-00C04F79EFBC}") = "Ejercicio1_3PMO2", "Ejercicio1_3PMO2\Ejercicio1_3PMO2\Ejercicio1_3PMO2.csproj", "{66F386BD-5D03-4ADD-92EC-10F2D8722D4D}"
EndProject
Global
	GlobalSection(SolutionConfigurationPlatforms) = preSolution
		Debug|Any CPU = Debug|Any CPU
		Release|Any CPU = Release|Any CPU
	EndGlobalSection
	GlobalSection(ProjectConfigurationPlatforms) = postSolution
		{6519CEE6-9853-4D8C-B575-418C9AA110A4}.Debug|Any CPU.ActiveCfg = Debug|Any CPU
		{6519CEE6-9853-4D8C-B575-418C9AA110A4}.Debug|Any CPU.Build.0 = Debug|Any CPU
		{6519CEE6-9853-4D8C-B575-418C9AA110A4}.Debug|Any CPU.Deploy.0 = Debug|Any CPU
		{6519CEE6-9853-4D8C-B575-418C9AA110A4}.Release|Any CPU.ActiveCfg = Release|Any CPU
		{6519CEE6-9853-4D8C-B575-418C9AA110A4}.Release|Any CPU.Build.0 = Release|Any CPU
		{6519CEE6-9853-4D8C-B575-418C9AA110A4}.Release|Any CPU.Deploy.0 = Release|Any CPU
		{66F386BD-5D03-4ADD-92EC-10F2D8722D4D}.Debug|Any CPU.ActiveCfg = Debug|Any CPU
		{66F386BD-5D03-4ADD-92EC-10F2D8722D4D}.Debug|Any CPU.Build.0 = Debug|Any CPU
		{66F386BD-5D03-4ADD-92EC-10F2D8722D4D}.Debug|Any CPU.Deploy.0 = Debug|Any CPU
		{66F386BD-5D03-4ADD-92EC-10F2D8722D4D}.Release|Any CPU.ActiveCfg = Release|Any CPU
		{66F386BD-5D03-4ADD-92EC-10F2D8722D4D}.Release|Any CPU.Build.0 = Release|Any CPU
		{66F386BD-5D03-4ADD-92EC-10F2D8722D4D}.Release|Any CPU.Deploy.0 = Release|Any CPU
	EndGlobalSection
	GlobalSection(SolutionProperties) = preSolution
		HideSolutionNode = FALSE
	EndGlobalSection
	GlobalSection(ExtensibilityGlobals) = postSolution
		SolutionGuid = {36DCCA7B-3870-4CE8-93FB-868070CB3AF0}
	EndGlobalSection
EndGlobal
